
Microsoft Visual Studio Solution File, Format Version 12.00
# Visual Studio 15
VisualStudioVersion = 15.0.27428.2043
MinimumVisualStudioVersion = 10.0.40219.1
Project("{FAE04EC0-301F-11D3-BF4B-00C04F79EFBC}") = "KVStorage", "KVStorage\KVStorage.csproj", "{A5FEBEB3-BA08-4203-91E1-B29CE945FC98}"
EndProject
Project("{FAE04EC0-301F-11D3-BF4B-00C04F79EFBC}") = "Broker", "Broker\Broker.csproj", "{ECD3B620-FE06-47E6-8BA7-D1128B697EA1}"
EndProject
Project("{FAE04EC0-301F-11D3-BF4B-00C04F79EFBC}") = "UserApp", "UserApp\UserApp.csproj", "{1D089ED4-2EBF-4EDA-8135-58B84E7CB931}"
EndProject
Global
	GlobalSection(SolutionConfigurationPlatforms) = preSolution
		Debug|Any CPU = Debug|Any CPU
		Release|Any CPU = Release|Any CPU
	EndGlobalSection
	GlobalSection(ProjectConfigurationPlatforms) = postSolution
		{A5FEBEB3-BA08-4203-91E1-B29CE945FC98}.Debug|Any CPU.ActiveCfg = Debug|Any CPU
		{A5FEBEB3-BA08-4203-91E1-B29CE945FC98}.Debug|Any CPU.Build.0 = Debug|Any CPU
		{A5FEBEB3-BA08-4203-91E1-B29CE945FC98}.Release|Any CPU.ActiveCfg = Release|Any CPU
		{A5FEBEB3-BA08-4203-91E1-B29CE945FC98}.Release|Any CPU.Build.0 = Release|Any CPU
		{ECD3B620-FE06-47E6-8BA7-D1128B697EA1}.Debug|Any CPU.ActiveCfg = Debug|Any CPU
		{ECD3B620-FE06-47E6-8BA7-D1128B697EA1}.Debug|Any CPU.Build.0 = Debug|Any CPU
		{ECD3B620-FE06-47E6-8BA7-D1128B697EA1}.Release|Any CPU.ActiveCfg = Release|Any CPU
		{ECD3B620-FE06-47E6-8BA7-D1128B697EA1}.Release|Any CPU.Build.0 = Release|Any CPU
		{1D089ED4-2EBF-4EDA-8135-58B84E7CB931}.Debug|Any CPU.ActiveCfg = Debug|Any CPU
		{1D089ED4-2EBF-4EDA-8135-58B84E7CB931}.Debug|Any CPU.Build.0 = Debug|Any CPU
		{1D089ED4-2EBF-4EDA-8135-58B84E7CB931}.Release|Any CPU.ActiveCfg = Release|Any CPU
		{1D089ED4-2EBF-4EDA-8135-58B84E7CB931}.Release|Any CPU.Build.0 = Release|Any CPU
	EndGlobalSection
	GlobalSection(SolutionProperties) = preSolution
		HideSolutionNode = FALSE
	EndGlobalSection
	GlobalSection(ExtensibilityGlobals) = postSolution
		SolutionGuid = {89E897DC-C7CD-48EE-A6CD-9237BED02F85}
	EndGlobalSection
EndGlobal
