
Microsoft Visual Studio Solution File, Format Version 12.00
# Visual Studio 15
VisualStudioVersion = 15.0.27428.2043
MinimumVisualStudioVersion = 10.0.40219.1
Project("{FAE04EC0-301F-11D3-BF4B-00C04F79EFBC}") = "oldHostKVStorage", "HostKVStorage\oldHostKVStorage.csproj", "{E9772B4D-095E-4470-A7F3-8A82F17CB3BD}"
EndProject
Project("{FAE04EC0-301F-11D3-BF4B-00C04F79EFBC}") = "HostBroker", "HostBroker\HostBroker.csproj", "{80942E36-5259-46B7-9F39-1485AF01F488}"
	ProjectSection(ProjectDependencies) = postProject
		{E9772B4D-095E-4470-A7F3-8A82F17CB3BD} = {E9772B4D-095E-4470-A7F3-8A82F17CB3BD}
	EndProjectSection
EndProject
Project("{FAE04EC0-301F-11D3-BF4B-00C04F79EFBC}") = "UserApp", "UserApp\UserApp.csproj", "{6150CD42-77C2-42F7-AA7E-0B6CA473AB68}"
	ProjectSection(ProjectDependencies) = postProject
		{80942E36-5259-46B7-9F39-1485AF01F488} = {80942E36-5259-46B7-9F39-1485AF01F488}
	EndProjectSection
EndProject
Global
	GlobalSection(SolutionConfigurationPlatforms) = preSolution
		Debug|Any CPU = Debug|Any CPU
		Release|Any CPU = Release|Any CPU
	EndGlobalSection
	GlobalSection(ProjectConfigurationPlatforms) = postSolution
		{E9772B4D-095E-4470-A7F3-8A82F17CB3BD}.Debug|Any CPU.ActiveCfg = Debug|Any CPU
		{E9772B4D-095E-4470-A7F3-8A82F17CB3BD}.Debug|Any CPU.Build.0 = Debug|Any CPU
		{E9772B4D-095E-4470-A7F3-8A82F17CB3BD}.Release|Any CPU.ActiveCfg = Release|Any CPU
		{E9772B4D-095E-4470-A7F3-8A82F17CB3BD}.Release|Any CPU.Build.0 = Release|Any CPU
		{80942E36-5259-46B7-9F39-1485AF01F488}.Debug|Any CPU.ActiveCfg = Debug|Any CPU
		{80942E36-5259-46B7-9F39-1485AF01F488}.Debug|Any CPU.Build.0 = Debug|Any CPU
		{80942E36-5259-46B7-9F39-1485AF01F488}.Release|Any CPU.ActiveCfg = Release|Any CPU
		{80942E36-5259-46B7-9F39-1485AF01F488}.Release|Any CPU.Build.0 = Release|Any CPU
		{6150CD42-77C2-42F7-AA7E-0B6CA473AB68}.Debug|Any CPU.ActiveCfg = Debug|Any CPU
		{6150CD42-77C2-42F7-AA7E-0B6CA473AB68}.Debug|Any CPU.Build.0 = Debug|Any CPU
		{6150CD42-77C2-42F7-AA7E-0B6CA473AB68}.Release|Any CPU.ActiveCfg = Release|Any CPU
		{6150CD42-77C2-42F7-AA7E-0B6CA473AB68}.Release|Any CPU.Build.0 = Release|Any CPU
	EndGlobalSection
	GlobalSection(SolutionProperties) = preSolution
		HideSolutionNode = FALSE
	EndGlobalSection
	GlobalSection(ExtensibilityGlobals) = postSolution
		SolutionGuid = {1BBB9A26-09B6-4F19-9271-F3F83FEF8145}
	EndGlobalSection
EndGlobal
